<?xml version="1.0" encoding="utf-8"?>
<Project ToolsVersion="4.0" xmlns="http://schemas.microsoft.com/developer/msbuild/2003">
  <ItemGroup>
    <Filter Include="Source Files">
      <UniqueIdentifier>{4FC737F1-C7A5-4376-A066-2A32D752A2FF}</UniqueIdentifier>
      <Extensions>cpp;c;cc;cxx;c++;cppm;ixx;def;odl;idl;hpj;bat;asm;asmx</Extensions>
    </Filter>
    <Filter Include="Header Files">
      <UniqueIdentifier>{93995380-89BD-4b04-88EB-625FBE52EBFB}</UniqueIdentifier>
      <Extensions>h;hh;hpp;hxx;h++;hm;inl;inc;ipp;xsd</Extensions>
    </Filter>
    <Filter Include="Resource Files">
      <UniqueIdentifier>{67DA6AB6-F800-4c08-8B7A-83BB121AAD01}</UniqueIdentifier>
      <Extensions>rc;ico;cur;bmp;dlg;rc2;rct;bin;rgs;gif;jpg;jpeg;jpe;resx;tiff;tif;png;wav;mfcribbon-ms</Extensions>
    </Filter>
    <Filter Include="Header Files\Streams">
      <UniqueIdentifier>{bd4dc624-8280-43e6-a952-58350502fd23}</UniqueIdentifier>
    </Filter>
    <Filter Include="Header Files\Math">
      <UniqueIdentifier>{26951223-efed-419d-a0a3-764a578d5d9b}</UniqueIdentifier>
    </Filter>
    <Filter Include="Header Files\Enum">
      <UniqueIdentifier>{969d862f-5af5-47c4-bfd7-3f22d6d6fdaf}</UniqueIdentifier>
    </Filter>
    <Filter Include="Header Files\Functional">
      <UniqueIdentifier>{82301509-a868-43a1-b5be-5e64fc72be9b}</UniqueIdentifier>
    </Filter>
    <Filter Include="Header Files\Ranges">
      <UniqueIdentifier>{45c19e80-141c-410f-a466-b96b8f7853f7}</UniqueIdentifier>
    </Filter>
    <Filter Include="Header Files\HvTree">
      <UniqueIdentifier>{87ca25e0-421e-493a-92e3-1b989fcacf6c}</UniqueIdentifier>
    </Filter>
    <Filter Include="Header Files\HvTree\Array">
      <UniqueIdentifier>{c5b8508a-8dcf-440f-bdba-a3173c6bceab}</UniqueIdentifier>
    </Filter>
    <Filter Include="Header Files\HvTree\Data">
      <UniqueIdentifier>{75d039d8-cff7-45e8-95d5-f601f269ad09}</UniqueIdentifier>
    </Filter>
    <Filter Include="Header Files\HvTree\Conversion">
      <UniqueIdentifier>{3dbb6de8-745f-4e7e-a8ce-aad02c6b6831}</UniqueIdentifier>
    </Filter>
    <Filter Include="Header Files\HvTree\Parser">
      <UniqueIdentifier>{3f6b83f1-f157-4b86-be4a-b5b22befcced}</UniqueIdentifier>
    </Filter>
    <Filter Include="Header Files\HvTree\Handle">
      <UniqueIdentifier>{13de3543-9c8c-42b3-8fe4-88576a663a4f}</UniqueIdentifier>
    </Filter>
    <Filter Include="Header Files\DependencyGraph">
      <UniqueIdentifier>{72b61a4e-fb7a-4c94-ba6f-b54aa9db0948}</UniqueIdentifier>
    </Filter>
    <Filter Include="Header Files\BinarySerializationSuite">
      <UniqueIdentifier>{e473c8d6-2b53-494d-84ef-f73ea2140b7a}</UniqueIdentifier>
    </Filter>
  </ItemGroup>
  <ItemGroup>
    <ClCompile Include="MyakishLibrary.cpp">
      <Filter>Source Files</Filter>
    </ClCompile>
  </ItemGroup>
  <ItemGroup>
    <ClInclude Include="Any.hpp">
      <Filter>Header Files</Filter>
    </ClInclude>
    <ClInclude Include="Streams\Concepts.hpp">
      <Filter>Header Files\Streams</Filter>
    </ClInclude>
    <ClInclude Include="Streams\Common.hpp">
      <Filter>Header Files\Streams</Filter>
    </ClInclude>
    <ClInclude Include="Math\Common.hpp">
      <Filter>Header Files\Math</Filter>
    </ClInclude>
    <ClInclude Include="Enum\BitwiseOperators.hpp">
      <Filter>Header Files\Enum</Filter>
    </ClInclude>
    <ClInclude Include="Functional\Pipeline.hpp">
      <Filter>Header Files\Functional</Filter>
    </ClInclude>
    <ClInclude Include="Utility.hpp">
      <Filter>Header Files</Filter>
    </ClInclude>
    <ClInclude Include="Ranges\Bit.hpp">
      <Filter>Header Files\Ranges</Filter>
    </ClInclude>
    <ClInclude Include="Core.hpp">
      <Filter>Header Files</Filter>
    </ClInclude>
    <ClInclude Include="HvTree\Array\Array.hpp">
      <Filter>Header Files\HvTree\Array</Filter>
    </ClInclude>
    <ClInclude Include="HvTree\Data\DedicatedAllocation.hpp">
      <Filter>Header Files\HvTree\Data</Filter>
    </ClInclude>
    <ClInclude Include="HvTree\Conversion\Conversion.hpp">
      <Filter>Header Files\HvTree\Conversion</Filter>
    </ClInclude>
    <ClInclude Include="HvTree\Parser\Parser.hpp">
      <Filter>Header Files\HvTree\Parser</Filter>
    </ClInclude>
    <ClInclude Include="HvTree\Parser\Spirit.hpp">
      <Filter>Header Files\HvTree\Parser</Filter>
    </ClInclude>
    <ClInclude Include="HvTree\Parser\Conversion.hpp">
      <Filter>Header Files\HvTree\Parser</Filter>
    </ClInclude>
    <ClInclude Include="HvTree\Handle\CombinedHashHandle.hpp">
      <Filter>Header Files\HvTree\Handle</Filter>
    </ClInclude>
    <ClInclude Include="HvTree\Handle\HierarchicalHandle.hpp">
      <Filter>Header Files\HvTree\Handle</Filter>
    </ClInclude>
    <ClInclude Include="HvTree\Handle\StringWrapper.hpp">
      <Filter>Header Files\HvTree\Handle</Filter>
    </ClInclude>
    <ClInclude Include="HvTree\Handle\WrapperComposition.hpp">
      <Filter>Header Files\HvTree\Handle</Filter>
    </ClInclude>
    <ClInclude Include="HvTree\HvTree.hpp">
      <Filter>Header Files\HvTree</Filter>
    </ClInclude>
    <ClInclude Include="DependencyGraph\Graph.hpp">
      <Filter>Header Files\DependencyGraph</Filter>
    </ClInclude>
    <ClInclude Include="Functional\ExtensionMethod.hpp">
      <Filter>Header Files\Functional</Filter>
    </ClInclude>
    <ClInclude Include="BinarySerializationSuite\BinarySerializationSuite.hpp">
      <Filter>Header Files\BinarySerializationSuite</Filter>
    </ClInclude>
    <ClInclude Include="Functional\Algebraic.hpp">
      <Filter>Header Files\Functional</Filter>
    </ClInclude>
    <ClInclude Include="Functional\HigherOrder.hpp">
      <Filter>Header Files\Functional</Filter>
    </ClInclude>
    <ClInclude Include="Meta.hpp">
      <Filter>Header Files</Filter>
    </ClInclude>
  </ItemGroup>
</Project>